
Microsoft Visual Studio Solution File, Format Version 12.00
# Visual Studio Version 16
VisualStudioVersion = 16.0.30011.22
MinimumVisualStudioVersion = 10.0.40219.1
Project("{FAE04EC0-301F-11D3-BF4B-00C04F79EFBC}") = "GameLife.UI", "GameLife.UI\GameLife.UI.csproj", "{5C130DE4-42A7-4713-A114-0305B8A6DD24}"
EndProject
Project("{9A19103F-16F7-4668-BE54-9A1E7A4F7556}") = "GameLife.Tests", "GameLife.Tests\GameLife.Tests.csproj", "{386B3040-2ED2-4FFF-906B-1BBA053A5A8B}"
EndProject
Project("{2150E333-8FDC-42A3-9474-1A3956D46DE8}") = "Tests", "Tests", "{9BE7236D-1180-4C7B-A5D1-521DED65BBD2}"
EndProject
Global
	GlobalSection(SolutionConfigurationPlatforms) = preSolution
		Debug|Any CPU = Debug|Any CPU
		Release|Any CPU = Release|Any CPU
	EndGlobalSection
	GlobalSection(ProjectConfigurationPlatforms) = postSolution
		{5C130DE4-42A7-4713-A114-0305B8A6DD24}.Debug|Any CPU.ActiveCfg = Debug|Any CPU
		{5C130DE4-42A7-4713-A114-0305B8A6DD24}.Debug|Any CPU.Build.0 = Debug|Any CPU
		{5C130DE4-42A7-4713-A114-0305B8A6DD24}.Release|Any CPU.ActiveCfg = Release|Any CPU
		{5C130DE4-42A7-4713-A114-0305B8A6DD24}.Release|Any CPU.Build.0 = Release|Any CPU
		{386B3040-2ED2-4FFF-906B-1BBA053A5A8B}.Debug|Any CPU.ActiveCfg = Debug|Any CPU
		{386B3040-2ED2-4FFF-906B-1BBA053A5A8B}.Debug|Any CPU.Build.0 = Debug|Any CPU
		{386B3040-2ED2-4FFF-906B-1BBA053A5A8B}.Release|Any CPU.ActiveCfg = Release|Any CPU
		{386B3040-2ED2-4FFF-906B-1BBA053A5A8B}.Release|Any CPU.Build.0 = Release|Any CPU
	EndGlobalSection
	GlobalSection(SolutionProperties) = preSolution
		HideSolutionNode = FALSE
	EndGlobalSection
	GlobalSection(NestedProjects) = preSolution
		{386B3040-2ED2-4FFF-906B-1BBA053A5A8B} = {9BE7236D-1180-4C7B-A5D1-521DED65BBD2}
	EndGlobalSection
	GlobalSection(ExtensibilityGlobals) = postSolution
		SolutionGuid = {FA476475-F647-47EE-9EE3-0014C832EC06}
	EndGlobalSection
EndGlobal
